
Microsoft Visual Studio Solution File, Format Version 12.00
# Visual Studio Version 17
VisualStudioVersion = 17.2.32519.379
MinimumVisualStudioVersion = 10.0.40219.1
Project("{FAE04EC0-301F-11D3-BF4B-00C04F79EFBC}") = "Tumba do Horror de Aço", "Tumba do Horror de Aço\Tumba do Horror de Aço.csproj", "{0280FEAE-AB80-46FA-8C2B-60BA1B14EA0D}"
EndProject
Global
	GlobalSection(SolutionConfigurationPlatforms) = preSolution
		Debug|Any CPU = Debug|Any CPU
		Release|Any CPU = Release|Any CPU
	EndGlobalSection
	GlobalSection(ProjectConfigurationPlatforms) = postSolution
		{0280FEAE-AB80-46FA-8C2B-60BA1B14EA0D}.Debug|Any CPU.ActiveCfg = Debug|Any CPU
		{0280FEAE-AB80-46FA-8C2B-60BA1B14EA0D}.Debug|Any CPU.Build.0 = Debug|Any CPU
		{0280FEAE-AB80-46FA-8C2B-60BA1B14EA0D}.Release|Any CPU.ActiveCfg = Release|Any CPU
		{0280FEAE-AB80-46FA-8C2B-60BA1B14EA0D}.Release|Any CPU.Build.0 = Release|Any CPU
	EndGlobalSection
	GlobalSection(SolutionProperties) = preSolution
		HideSolutionNode = FALSE
	EndGlobalSection
	GlobalSection(ExtensibilityGlobals) = postSolution
		SolutionGuid = {A62EF1F0-06ED-4BE4-B2E7-61AC6D1095FF}
	EndGlobalSection
EndGlobal
